
Microsoft Visual Studio Solution File, Format Version 12.00
# Visual Studio Version 17
VisualStudioVersion = 17.13.35825.156 d17.13
MinimumVisualStudioVersion = 10.0.40219.1
Project("{888888A0-9F3D-457C-B088-3A5042F75D52}") = "test-repo", "test-repo\test-repo.pyproj", "{18953078-A0A4-4AE7-A63A-8EA1052A7763}"
EndProject
Global
	GlobalSection(SolutionConfigurationPlatforms) = preSolution
		Debug|Any CPU = Debug|Any CPU
		Release|Any CPU = Release|Any CPU
	EndGlobalSection
	GlobalSection(ProjectConfigurationPlatforms) = postSolution
		{18953078-A0A4-4AE7-A63A-8EA1052A7763}.Debug|Any CPU.ActiveCfg = Debug|Any CPU
		{18953078-A0A4-4AE7-A63A-8EA1052A7763}.Release|Any CPU.ActiveCfg = Release|Any CPU
	EndGlobalSection
	GlobalSection(SolutionProperties) = preSolution
		HideSolutionNode = FALSE
	EndGlobalSection
	GlobalSection(ExtensibilityGlobals) = postSolution
		SolutionGuid = {EACD1B70-21C4-4C1A-B66B-67A841B9752B}
	EndGlobalSection
EndGlobal
